
Microsoft Visual Studio Solution File, Format Version 12.00
# Visual Studio Version 17
VisualStudioVersion = 17.13.35919.96
MinimumVisualStudioVersion = 10.0.40219.1
Project("{FAE04EC0-301F-11D3-BF4B-00C04F79EFBC}") = "FizzBuzz", "FizzBuzz\FizzBuzz.csproj", "{55FDD210-6139-4FDE-B7B7-EFA87075F7E3}"
EndProject
Project("{FAE04EC0-301F-11D3-BF4B-00C04F79EFBC}") = "FuzzBuzzTests", "FuzzBuzzTests\FuzzBuzzTests.csproj", "{888860D7-9862-4645-BBD6-162DA5878FFE}"
EndProject
Global
	GlobalSection(SolutionConfigurationPlatforms) = preSolution
		Debug|Any CPU = Debug|Any CPU
		Release|Any CPU = Release|Any CPU
	EndGlobalSection
	GlobalSection(ProjectConfigurationPlatforms) = postSolution
		{55FDD210-6139-4FDE-B7B7-EFA87075F7E3}.Debug|Any CPU.ActiveCfg = Debug|Any CPU
		{55FDD210-6139-4FDE-B7B7-EFA87075F7E3}.Debug|Any CPU.Build.0 = Debug|Any CPU
		{55FDD210-6139-4FDE-B7B7-EFA87075F7E3}.Release|Any CPU.ActiveCfg = Release|Any CPU
		{55FDD210-6139-4FDE-B7B7-EFA87075F7E3}.Release|Any CPU.Build.0 = Release|Any CPU
		{888860D7-9862-4645-BBD6-162DA5878FFE}.Debug|Any CPU.ActiveCfg = Debug|Any CPU
		{888860D7-9862-4645-BBD6-162DA5878FFE}.Debug|Any CPU.Build.0 = Debug|Any CPU
		{888860D7-9862-4645-BBD6-162DA5878FFE}.Release|Any CPU.ActiveCfg = Release|Any CPU
		{888860D7-9862-4645-BBD6-162DA5878FFE}.Release|Any CPU.Build.0 = Release|Any CPU
	EndGlobalSection
	GlobalSection(SolutionProperties) = preSolution
		HideSolutionNode = FALSE
	EndGlobalSection
	GlobalSection(ExtensibilityGlobals) = postSolution
		SolutionGuid = {8F910F08-BC74-44B2-92E2-897F817904F4}
	EndGlobalSection
EndGlobal
